
Microsoft Visual Studio Solution File, Format Version 12.00
# Visual Studio Version 17
VisualStudioVersion = 17.14.36121.58 d17.14
MinimumVisualStudioVersion = 10.0.40219.1
Project("{FAE04EC0-301F-11D3-BF4B-00C04F79EFBC}") = "practicingC#", "practicingC#\practicingC#.csproj", "{F73F7641-65AE-41B1-8D7E-6E48FF5B5C9C}"
EndProject
Global
	GlobalSection(SolutionConfigurationPlatforms) = preSolution
		Debug|Any CPU = Debug|Any CPU
		Release|Any CPU = Release|Any CPU
	EndGlobalSection
	GlobalSection(ProjectConfigurationPlatforms) = postSolution
		{F73F7641-65AE-41B1-8D7E-6E48FF5B5C9C}.Debug|Any CPU.ActiveCfg = Debug|Any CPU
		{F73F7641-65AE-41B1-8D7E-6E48FF5B5C9C}.Debug|Any CPU.Build.0 = Debug|Any CPU
		{F73F7641-65AE-41B1-8D7E-6E48FF5B5C9C}.Release|Any CPU.ActiveCfg = Release|Any CPU
		{F73F7641-65AE-41B1-8D7E-6E48FF5B5C9C}.Release|Any CPU.Build.0 = Release|Any CPU
	EndGlobalSection
	GlobalSection(SolutionProperties) = preSolution
		HideSolutionNode = FALSE
	EndGlobalSection
	GlobalSection(ExtensibilityGlobals) = postSolution
		SolutionGuid = {42C29461-A3FC-484A-ABCD-60B551E07E28}
	EndGlobalSection
EndGlobal
